
Microsoft Visual Studio Solution File, Format Version 12.00
# Visual Studio Version 16
VisualStudioVersion = 16.0.30717.126
MinimumVisualStudioVersion = 10.0.40219.1
Project("{FAE04EC0-301F-11D3-BF4B-00C04F79EFBC}") = "Scadenziario", "Scadenziario\Scadenziario.csproj", "{CE04733A-DFB9-4751-8600-8DAB433ABC4E}"
EndProject
Project("{FAE04EC0-301F-11D3-BF4B-00C04F79EFBC}") = "Scadenziario.Connection", "Scadenziario.Connection\Scadenziario.Connection.csproj", "{002251DB-6CC0-46FA-A5C9-2DC7A43D6BB8}"
EndProject
Project("{FAE04EC0-301F-11D3-BF4B-00C04F79EFBC}") = "Scadenziario.EntityDto", "Scadenziario.EntityDto\Scadenziario.EntityDto.csproj", "{34DF1E58-845F-4C3D-A8E0-4300D987F552}"
EndProject
Project("{FAE04EC0-301F-11D3-BF4B-00C04F79EFBC}") = "DBWork", "DBWork\DBWork.csproj", "{C6FE6D9B-328F-4C0B-9462-ABF0E2985C0D}"
EndProject
Global
	GlobalSection(SolutionConfigurationPlatforms) = preSolution
		Debug|Any CPU = Debug|Any CPU
		Release|Any CPU = Release|Any CPU
	EndGlobalSection
	GlobalSection(ProjectConfigurationPlatforms) = postSolution
		{CE04733A-DFB9-4751-8600-8DAB433ABC4E}.Debug|Any CPU.ActiveCfg = Debug|Any CPU
		{CE04733A-DFB9-4751-8600-8DAB433ABC4E}.Debug|Any CPU.Build.0 = Debug|Any CPU
		{CE04733A-DFB9-4751-8600-8DAB433ABC4E}.Release|Any CPU.ActiveCfg = Release|Any CPU
		{CE04733A-DFB9-4751-8600-8DAB433ABC4E}.Release|Any CPU.Build.0 = Release|Any CPU
		{002251DB-6CC0-46FA-A5C9-2DC7A43D6BB8}.Debug|Any CPU.ActiveCfg = Debug|Any CPU
		{002251DB-6CC0-46FA-A5C9-2DC7A43D6BB8}.Debug|Any CPU.Build.0 = Debug|Any CPU
		{002251DB-6CC0-46FA-A5C9-2DC7A43D6BB8}.Release|Any CPU.ActiveCfg = Release|Any CPU
		{002251DB-6CC0-46FA-A5C9-2DC7A43D6BB8}.Release|Any CPU.Build.0 = Release|Any CPU
		{34DF1E58-845F-4C3D-A8E0-4300D987F552}.Debug|Any CPU.ActiveCfg = Debug|Any CPU
		{34DF1E58-845F-4C3D-A8E0-4300D987F552}.Debug|Any CPU.Build.0 = Debug|Any CPU
		{34DF1E58-845F-4C3D-A8E0-4300D987F552}.Release|Any CPU.ActiveCfg = Release|Any CPU
		{34DF1E58-845F-4C3D-A8E0-4300D987F552}.Release|Any CPU.Build.0 = Release|Any CPU
		{C6FE6D9B-328F-4C0B-9462-ABF0E2985C0D}.Debug|Any CPU.ActiveCfg = Debug|Any CPU
		{C6FE6D9B-328F-4C0B-9462-ABF0E2985C0D}.Debug|Any CPU.Build.0 = Debug|Any CPU
		{C6FE6D9B-328F-4C0B-9462-ABF0E2985C0D}.Release|Any CPU.ActiveCfg = Release|Any CPU
		{C6FE6D9B-328F-4C0B-9462-ABF0E2985C0D}.Release|Any CPU.Build.0 = Release|Any CPU
	EndGlobalSection
	GlobalSection(SolutionProperties) = preSolution
		HideSolutionNode = FALSE
	EndGlobalSection
	GlobalSection(ExtensibilityGlobals) = postSolution
		SolutionGuid = {8998FAA8-ABD0-47C3-BBD4-67E2EB00761A}
	EndGlobalSection
EndGlobal
